
Microsoft Visual Studio Solution File, Format Version 12.00
# Visual Studio Version 16
VisualStudioVersion = 16.0.29911.84
MinimumVisualStudioVersion = 10.0.40219.1
Project("{FAE04EC0-301F-11D3-BF4B-00C04F79EFBC}") = "WebApplicationTest", "WebApplicationTest\WebApplicationTest.csproj", "{65F7F407-36C5-436E-A87A-DF6ED511CA5B}"
EndProject
Global
	GlobalSection(SolutionConfigurationPlatforms) = preSolution
		Debug|Any CPU = Debug|Any CPU
		Release|Any CPU = Release|Any CPU
	EndGlobalSection
	GlobalSection(ProjectConfigurationPlatforms) = postSolution
		{65F7F407-36C5-436E-A87A-DF6ED511CA5B}.Debug|Any CPU.ActiveCfg = Debug|Any CPU
		{65F7F407-36C5-436E-A87A-DF6ED511CA5B}.Debug|Any CPU.Build.0 = Debug|Any CPU
		{65F7F407-36C5-436E-A87A-DF6ED511CA5B}.Release|Any CPU.ActiveCfg = Release|Any CPU
		{65F7F407-36C5-436E-A87A-DF6ED511CA5B}.Release|Any CPU.Build.0 = Release|Any CPU
	EndGlobalSection
	GlobalSection(SolutionProperties) = preSolution
		HideSolutionNode = FALSE
	EndGlobalSection
	GlobalSection(ExtensibilityGlobals) = postSolution
		SolutionGuid = {38282915-E73F-496B-A8CB-43D326D7948F}
	EndGlobalSection
EndGlobal
